
Microsoft Visual Studio Solution File, Format Version 12.00
# Visual Studio 15
VisualStudioVersion = 15.0.27703.1
MinimumVisualStudioVersion = 10.0.40219.1
Project("{FAE04EC0-301F-11D3-BF4B-00C04F79EFBC}") = "EmployeeManagement.UI", "EmployeeManagement.UI\EmployeeManagement.UI.csproj", "{14F827EF-761A-4AE6-87FA-E23A1782B381}"
EndProject
Project("{FAE04EC0-301F-11D3-BF4B-00C04F79EFBC}") = "EmployeeManagement.Domain", "EmployeeManagement.Domain\EmployeeManagement.Domain.csproj", "{8926E2C9-CAF7-4164-BDE2-7E8797258CF6}"
EndProject
Project("{FAE04EC0-301F-11D3-BF4B-00C04F79EFBC}") = "EmployeeManagement.DataEF", "EmployeeManagement.DataEF\EmployeeManagement.DataEF.csproj", "{E98C163E-CCC2-43AB-B062-72ED27D39425}"
EndProject
Project("{2150E333-8FDC-42A3-9474-1A3956D46DE8}") = "Desktop", "Desktop", "{5208FC99-0A88-41A0-974D-3B829FA59C00}"
EndProject
Project("{2150E333-8FDC-42A3-9474-1A3956D46DE8}") = "Web", "Web", "{2F353AA0-532D-4EAE-B6F1-ADC1D5EFEF8A}"
EndProject
Project("{FAE04EC0-301F-11D3-BF4B-00C04F79EFBC}") = "EmployeeManagement.Domain", "D:\EmployeeManagementApp\EmployeeManagementApp.git\EmployeeManagementApp\EmployeeManagement.Domain\EmployeeManagement.Domain.csproj", "{12219552-6C49-4975-ABA2-7D2F610ADA78}"
EndProject
Project("{FAE04EC0-301F-11D3-BF4B-00C04F79EFBC}") = "EmployeeManagement.WebUI", "D:\EmployeeManagementApp\EmployeeManagementApp.git\EmployeeManagementApp\EmployeeManagement.WebUI\EmployeeManagement.WebUI.csproj", "{DB11BC4B-A4E7-4017-BF93-DE1BC36AFBDB}"
EndProject
Project("{FAE04EC0-301F-11D3-BF4B-00C04F79EFBC}") = "EmployeeManagement.API", "EmployeeManagement.API\EmployeeManagement.API.csproj", "{C3967BE7-CD8C-4778-9FFA-0D8B39E64CC6}"
EndProject
Project("{FAE04EC0-301F-11D3-BF4B-00C04F79EFBC}") = "EmployeeManagement.Contacts", "EmployeeManagement.Contacts\EmployeeManagement.Contacts.csproj", "{B1EEF651-C4FB-407D-BCA6-A2B70F78C47C}"
EndProject
Global
	GlobalSection(SolutionConfigurationPlatforms) = preSolution
		Debug|Any CPU = Debug|Any CPU
		Release|Any CPU = Release|Any CPU
	EndGlobalSection
	GlobalSection(ProjectConfigurationPlatforms) = postSolution
		{14F827EF-761A-4AE6-87FA-E23A1782B381}.Debug|Any CPU.ActiveCfg = Debug|Any CPU
		{14F827EF-761A-4AE6-87FA-E23A1782B381}.Debug|Any CPU.Build.0 = Debug|Any CPU
		{14F827EF-761A-4AE6-87FA-E23A1782B381}.Release|Any CPU.ActiveCfg = Release|Any CPU
		{14F827EF-761A-4AE6-87FA-E23A1782B381}.Release|Any CPU.Build.0 = Release|Any CPU
		{8926E2C9-CAF7-4164-BDE2-7E8797258CF6}.Debug|Any CPU.ActiveCfg = Debug|Any CPU
		{8926E2C9-CAF7-4164-BDE2-7E8797258CF6}.Debug|Any CPU.Build.0 = Debug|Any CPU
		{8926E2C9-CAF7-4164-BDE2-7E8797258CF6}.Release|Any CPU.ActiveCfg = Release|Any CPU
		{8926E2C9-CAF7-4164-BDE2-7E8797258CF6}.Release|Any CPU.Build.0 = Release|Any CPU
		{E98C163E-CCC2-43AB-B062-72ED27D39425}.Debug|Any CPU.ActiveCfg = Debug|Any CPU
		{E98C163E-CCC2-43AB-B062-72ED27D39425}.Debug|Any CPU.Build.0 = Debug|Any CPU
		{E98C163E-CCC2-43AB-B062-72ED27D39425}.Release|Any CPU.ActiveCfg = Release|Any CPU
		{E98C163E-CCC2-43AB-B062-72ED27D39425}.Release|Any CPU.Build.0 = Release|Any CPU
		{12219552-6C49-4975-ABA2-7D2F610ADA78}.Debug|Any CPU.ActiveCfg = Debug|Any CPU
		{12219552-6C49-4975-ABA2-7D2F610ADA78}.Debug|Any CPU.Build.0 = Debug|Any CPU
		{12219552-6C49-4975-ABA2-7D2F610ADA78}.Release|Any CPU.ActiveCfg = Release|Any CPU
		{12219552-6C49-4975-ABA2-7D2F610ADA78}.Release|Any CPU.Build.0 = Release|Any CPU
		{DB11BC4B-A4E7-4017-BF93-DE1BC36AFBDB}.Debug|Any CPU.ActiveCfg = Debug|Any CPU
		{DB11BC4B-A4E7-4017-BF93-DE1BC36AFBDB}.Debug|Any CPU.Build.0 = Debug|Any CPU
		{DB11BC4B-A4E7-4017-BF93-DE1BC36AFBDB}.Release|Any CPU.ActiveCfg = Release|Any CPU
		{DB11BC4B-A4E7-4017-BF93-DE1BC36AFBDB}.Release|Any CPU.Build.0 = Release|Any CPU
		{C3967BE7-CD8C-4778-9FFA-0D8B39E64CC6}.Debug|Any CPU.ActiveCfg = Debug|Any CPU
		{C3967BE7-CD8C-4778-9FFA-0D8B39E64CC6}.Debug|Any CPU.Build.0 = Debug|Any CPU
		{C3967BE7-CD8C-4778-9FFA-0D8B39E64CC6}.Release|Any CPU.ActiveCfg = Release|Any CPU
		{C3967BE7-CD8C-4778-9FFA-0D8B39E64CC6}.Release|Any CPU.Build.0 = Release|Any CPU
		{B1EEF651-C4FB-407D-BCA6-A2B70F78C47C}.Debug|Any CPU.ActiveCfg = Debug|Any CPU
		{B1EEF651-C4FB-407D-BCA6-A2B70F78C47C}.Debug|Any CPU.Build.0 = Debug|Any CPU
		{B1EEF651-C4FB-407D-BCA6-A2B70F78C47C}.Release|Any CPU.ActiveCfg = Release|Any CPU
		{B1EEF651-C4FB-407D-BCA6-A2B70F78C47C}.Release|Any CPU.Build.0 = Release|Any CPU
	EndGlobalSection
	GlobalSection(SolutionProperties) = preSolution
		HideSolutionNode = FALSE
	EndGlobalSection
	GlobalSection(NestedProjects) = preSolution
		{14F827EF-761A-4AE6-87FA-E23A1782B381} = {5208FC99-0A88-41A0-974D-3B829FA59C00}
		{8926E2C9-CAF7-4164-BDE2-7E8797258CF6} = {5208FC99-0A88-41A0-974D-3B829FA59C00}
		{E98C163E-CCC2-43AB-B062-72ED27D39425} = {2F353AA0-532D-4EAE-B6F1-ADC1D5EFEF8A}
		{12219552-6C49-4975-ABA2-7D2F610ADA78} = {2F353AA0-532D-4EAE-B6F1-ADC1D5EFEF8A}
		{DB11BC4B-A4E7-4017-BF93-DE1BC36AFBDB} = {2F353AA0-532D-4EAE-B6F1-ADC1D5EFEF8A}
		{C3967BE7-CD8C-4778-9FFA-0D8B39E64CC6} = {5208FC99-0A88-41A0-974D-3B829FA59C00}
		{B1EEF651-C4FB-407D-BCA6-A2B70F78C47C} = {5208FC99-0A88-41A0-974D-3B829FA59C00}
	EndGlobalSection
	GlobalSection(ExtensibilityGlobals) = postSolution
		SolutionGuid = {6B890247-DACE-447C-A4AB-1A7B66616DC4}
	EndGlobalSection
EndGlobal
